
Microsoft Visual Studio Solution File, Format Version 12.00
# Visual Studio Version 17
VisualStudioVersion = 17.3.32804.467
MinimumVisualStudioVersion = 10.0.40219.1
Project("{8BC9CEB8-8B4A-11D0-8D11-00A0C91BC942}") = "BakeryEngine", "BakeryEngine\BakeryEngine.vcxproj", "{8C7AEEE0-1DCC-49A3-B530-EFB55317AABB}"
EndProject
Project("{8BC9CEB8-8B4A-11D0-8D11-00A0C91BC942}") = "BakeryEditor", "BakeryEditor\BakeryEditor.vcxproj", "{20A73578-98CE-4A2F-8F5D-86B61CA29865}"
EndProject
Global
	GlobalSection(SolutionConfigurationPlatforms) = preSolution
		Debug|x64 = Debug|x64
		Debug|x86 = Debug|x86
		Release|x64 = Release|x64
		Release|x86 = Release|x86
	EndGlobalSection
	GlobalSection(ProjectConfigurationPlatforms) = postSolution
		{8C7AEEE0-1DCC-49A3-B530-EFB55317AABB}.Debug|x64.ActiveCfg = Debug|x64
		{8C7AEEE0-1DCC-49A3-B530-EFB55317AABB}.Debug|x64.Build.0 = Debug|x64
		{8C7AEEE0-1DCC-49A3-B530-EFB55317AABB}.Debug|x86.ActiveCfg = Debug|Win32
		{8C7AEEE0-1DCC-49A3-B530-EFB55317AABB}.Debug|x86.Build.0 = Debug|Win32
		{8C7AEEE0-1DCC-49A3-B530-EFB55317AABB}.Release|x64.ActiveCfg = Release|x64
		{8C7AEEE0-1DCC-49A3-B530-EFB55317AABB}.Release|x64.Build.0 = Release|x64
		{8C7AEEE0-1DCC-49A3-B530-EFB55317AABB}.Release|x86.ActiveCfg = Release|Win32
		{8C7AEEE0-1DCC-49A3-B530-EFB55317AABB}.Release|x86.Build.0 = Release|Win32
		{20A73578-98CE-4A2F-8F5D-86B61CA29865}.Debug|x64.ActiveCfg = Debug|x64
		{20A73578-98CE-4A2F-8F5D-86B61CA29865}.Debug|x64.Build.0 = Debug|x64
		{20A73578-98CE-4A2F-8F5D-86B61CA29865}.Debug|x86.ActiveCfg = Debug|Win32
		{20A73578-98CE-4A2F-8F5D-86B61CA29865}.Debug|x86.Build.0 = Debug|Win32
		{20A73578-98CE-4A2F-8F5D-86B61CA29865}.Release|x64.ActiveCfg = Release|x64
		{20A73578-98CE-4A2F-8F5D-86B61CA29865}.Release|x64.Build.0 = Release|x64
		{20A73578-98CE-4A2F-8F5D-86B61CA29865}.Release|x86.ActiveCfg = Release|Win32
		{20A73578-98CE-4A2F-8F5D-86B61CA29865}.Release|x86.Build.0 = Release|Win32
	EndGlobalSection
	GlobalSection(SolutionProperties) = preSolution
		HideSolutionNode = FALSE
	EndGlobalSection
	GlobalSection(ExtensibilityGlobals) = postSolution
		SolutionGuid = {1167CC6D-0A6A-4B88-AF6F-D02BBB6F9502}
	EndGlobalSection
EndGlobal
